// !$*UTF8*$!
{
	archiveVersion = 1;
	classes = {
	};
	objectVersion = 50;
	objects = {

/* Begin PBXBuildFile section */
		9C380F34253540D100AEFED3 /* AppDelegate.swift in Sources */ = {isa = PBXBuildFile; fileRef = 9C380F33253540D100AEFED3 /* AppDelegate.swift */; };
		9C380F36253540D100AEFED3 /* SceneDelegate.swift in Sources */ = {isa = PBXBuildFile; fileRef = 9C380F35253540D100AEFED3 /* SceneDelegate.swift */; };
		9C380F38253540D100AEFED3 /* ViewController.swift in Sources */ = {isa = PBXBuildFile; fileRef = 9C380F37253540D100AEFED3 /* ViewController.swift */; };
		9C380F3B253540D100AEFED3 /* Main.storyboard in Resources */ = {isa = PBXBuildFile; fileRef = 9C380F39253540D100AEFED3 /* Main.storyboard */; };
		9C380F3D253540D200AEFED3 /* Assets.xcassets in Resources */ = {isa = PBXBuildFile; fileRef = 9C380F3C253540D200AEFED3 /* Assets.xcassets */; };
		9C380F40253540D200AEFED3 /* LaunchScreen.storyboard in Resources */ = {isa = PBXBuildFile; fileRef = 9C380F3E253540D200AEFED3 /* LaunchScreen.storyboard */; };
		9C380F4B253540D200AEFED3 /* Alert_ActionSheetPopupTests.swift in Sources */ = {isa = PBXBuildFile; fileRef = 9C380F4A253540D200AEFED3 /* Alert_ActionSheetPopupTests.swift */; };
		9C380F56253540D200AEFED3 /* Alert_ActionSheetPopupUITests.swift in Sources */ = {isa = PBXBuildFile; fileRef = 9C380F55253540D200AEFED3 /* Alert_ActionSheetPopupUITests.swift */; };
/* End PBXBuildFile section */

/* Begin PBXContainerItemProxy section */
		9C380F47253540D200AEFED3 /* PBXContainerItemProxy */ = {
			isa = PBXContainerItemProxy;
			containerPortal = 9C380F28253540D100AEFED3 /* Project object */;
			proxyType = 1;
			remoteGlobalIDString = 9C380F2F253540D100AEFED3;
			remoteInfo = "Alert-ActionSheetPopup";
		};
		9C380F52253540D200AEFED3 /* PBXContainerItemProxy */ = {
			isa = PBXContainerItemProxy;
			containerPortal = 9C380F28253540D100AEFED3 /* Project object */;
			proxyType = 1;
			remoteGlobalIDString = 9C380F2F253540D100AEFED3;
			remoteInfo = "Alert-ActionSheetPopup";
		};
/* End PBXContainerItemProxy section */

/* Begin PBXFileReference section */
		9C380F30253540D100AEFED3 /* Alerts&ActionSheets.app */ = {isa = PBXFileReference; explicitFileType = wrapper.application; includeInIndex = 0; path = "Alerts&ActionSheets.app"; sourceTree = BUILT_PRODUCTS_DIR; };
		9C380F33253540D100AEFED3 /* AppDelegate.swift */ = {isa = PBXFileReference; lastKnownFileType = sourcecode.swift; path = AppDelegate.swift; sourceTree = "<group>"; };
		9C380F35253540D100AEFED3 /* SceneDelegate.swift */ = {isa = PBXFileReference; lastKnownFileType = sourcecode.swift; path = SceneDelegate.swift; sourceTree = "<group>"; };
		9C380F37253540D100AEFED3 /* ViewController.swift */ = {isa = PBXFileReference; lastKnownFileType = sourcecode.swift; path = ViewController.swift; sourceTree = "<group>"; };
		9C380F3A253540D100AEFED3 /* Base */ = {isa = PBXFileReference; lastKnownFileType = file.storyboard; name = Base; path = Base.lproj/Main.storyboard; sourceTree = "<group>"; };
		9C380F3C253540D200AEFED3 /* Assets.xcassets */ = {isa = PBXFileReference; lastKnownFileType = folder.assetcatalog; path = Assets.xcassets; sourceTree = "<group>"; };
		9C380F3F253540D200AEFED3 /* Base */ = {isa = PBXFileReference; lastKnownFileType = file.storyboard; name = Base; path = Base.lproj/LaunchScreen.storyboard; sourceTree = "<group>"; };
		9C380F41253540D200AEFED3 /* Info.plist */ = {isa = PBXFileReference; lastKnownFileType = text.plist.xml; path = Info.plist; sourceTree = "<group>"; };
		9C380F46253540D200AEFED3 /* Alerts&ActionSheetsTests.xctest */ = {isa = PBXFileReference; explicitFileType = wrapper.cfbundle; includeInIndex = 0; path = "Alerts&ActionSheetsTests.xctest"; sourceTree = BUILT_PRODUCTS_DIR; };
		9C380F4A253540D200AEFED3 /* Alert_ActionSheetPopupTests.swift */ = {isa = PBXFileReference; lastKnownFileType = sourcecode.swift; path = Alert_ActionSheetPopupTests.swift; sourceTree = "<group>"; };
		9C380F4C253540D200AEFED3 /* Info.plist */ = {isa = PBXFileReference; lastKnownFileType = text.plist.xml; path = Info.plist; sourceTree = "<group>"; };
		9C380F51253540D200AEFED3 /* Alerts&ActionSheetsUITests.xctest */ = {isa = PBXFileReference; explicitFileType = wrapper.cfbundle; includeInIndex = 0; path = "Alerts&ActionSheetsUITests.xctest"; sourceTree = BUILT_PRODUCTS_DIR; };
		9C380F55253540D200AEFED3 /* Alert_ActionSheetPopupUITests.swift */ = {isa = PBXFileReference; lastKnownFileType = sourcecode.swift; path = Alert_ActionSheetPopupUITests.swift; sourceTree = "<group>"; };
		9C380F57253540D200AEFED3 /* Info.plist */ = {isa = PBXFileReference; lastKnownFileType = text.plist.xml; path = Info.plist; sourceTree = "<group>"; };
/* End PBXFileReference section */

/* Begin PBXFrameworksBuildPhase section */
		9C380F2D253540D100AEFED3 /* Frameworks */ = {
			isa = PBXFrameworksBuildPhase;
			buildActionMask = 2147483647;
			files = (
			);
			runOnlyForDeploymentPostprocessing = 0;
		};
		9C380F43253540D200AEFED3 /* Frameworks */ = {
			isa = PBXFrameworksBuildPhase;
			buildActionMask = 2147483647;
			files = (
			);
			runOnlyForDeploymentPostprocessing = 0;
		};
		9C380F4E253540D200AEFED3 /* Frameworks */ = {
			isa = PBXFrameworksBuildPhase;
			buildActionMask = 2147483647;
			files = (
			);
			runOnlyForDeploymentPostprocessing = 0;
		};
/* End PBXFrameworksBuildPhase section */

/* Begin PBXGroup section */
		9C380F27253540D100AEFED3 = {
			isa = PBXGroup;
			children = (
				9C380F32253540D100AEFED3 /* Alert-ActionSheetPopup */,
				9C380F49253540D200AEFED3 /* Alert-ActionSheetPopupTests */,
				9C380F54253540D200AEFED3 /* Alert-ActionSheetPopupUITests */,
				9C380F31253540D100AEFED3 /* Products */,
			);
			sourceTree = "<group>";
		};
		9C380F31253540D100AEFED3 /* Products */ = {
			isa = PBXGroup;
			children = (
				9C380F30253540D100AEFED3 /* Alerts&ActionSheets.app */,
				9C380F46253540D200AEFED3 /* Alerts&ActionSheetsTests.xctest */,
				9C380F51253540D200AEFED3 /* Alerts&ActionSheetsUITests.xctest */,
			);
			name = Products;
			sourceTree = "<group>";
		};
		9C380F32253540D100AEFED3 /* Alert-ActionSheetPopup */ = {
			isa = PBXGroup;
			children = (
				9C380F33253540D100AEFED3 /* AppDelegate.swift */,
				9C380F35253540D100AEFED3 /* SceneDelegate.swift */,
				9C380F37253540D100AEFED3 /* ViewController.swift */,
				9C380F39253540D100AEFED3 /* Main.storyboard */,
				9C380F3C253540D200AEFED3 /* Assets.xcassets */,
				9C380F3E253540D200AEFED3 /* LaunchScreen.storyboard */,
				9C380F41253540D200AEFED3 /* Info.plist */,
			);
			path = "Alert-ActionSheetPopup";
			sourceTree = "<group>";
		};
		9C380F49253540D200AEFED3 /* Alert-ActionSheetPopupTests */ = {
			isa = PBXGroup;
			children = (
				9C380F4A253540D200AEFED3 /* Alert_ActionSheetPopupTests.swift */,
				9C380F4C253540D200AEFED3 /* Info.plist */,
			);
			path = "Alert-ActionSheetPopupTests";
			sourceTree = "<group>";
		};
		9C380F54253540D200AEFED3 /* Alert-ActionSheetPopupUITests */ = {
			isa = PBXGroup;
			children = (
				9C380F55253540D200AEFED3 /* Alert_ActionSheetPopupUITests.swift */,
				9C380F57253540D200AEFED3 /* Info.plist */,
			);
			path = "Alert-ActionSheetPopupUITests";
			sourceTree = "<group>";
		};
/* End PBXGroup section */

/* Begin PBXNativeTarget section */
		9C380F2F253540D100AEFED3 /* Alerts&ActionSheets */ = {
			isa = PBXNativeTarget;
			buildConfigurationList = 9C380F5A253540D200AEFED3 /* Build configuration list for PBXNativeTarget "Alerts&ActionSheets" */;
			buildPhases = (
				9C380F2C253540D100AEFED3 /* Sources */,
				9C380F2D253540D100AEFED3 /* Frameworks */,
				9C380F2E253540D100AEFED3 /* Resources */,
			);
			buildRules = (
			);
			dependencies = (
			);
			name = "Alerts&ActionSheets";
			productName = "Alert-ActionSheetPopup";
			productReference = 9C380F30253540D100AEFED3 /* Alerts&ActionSheets.app */;
			productType = "com.apple.product-type.application";
		};
		9C380F45253540D200AEFED3 /* Alerts&ActionSheetsTests */ = {
			isa = PBXNativeTarget;
			buildConfigurationList = 9C380F5D253540D200AEFED3 /* Build configuration list for PBXNativeTarget "Alerts&ActionSheetsTests" */;
			buildPhases = (
				9C380F42253540D200AEFED3 /* Sources */,
				9C380F43253540D200AEFED3 /* Frameworks */,
				9C380F44253540D200AEFED3 /* Resources */,
			);
			buildRules = (
			);
			dependencies = (
				9C380F48253540D200AEFED3 /* PBXTargetDependency */,
			);
			name = "Alerts&ActionSheetsTests";
			productName = "Alert-ActionSheetPopupTests";
			productReference = 9C380F46253540D200AEFED3 /* Alerts&ActionSheetsTests.xctest */;
			productType = "com.apple.product-type.bundle.unit-test";
		};
		9C380F50253540D200AEFED3 /* Alerts&ActionSheetsUITests */ = {
			isa = PBXNativeTarget;
			buildConfigurationList = 9C380F60253540D200AEFED3 /* Build configuration list for PBXNativeTarget "Alerts&ActionSheetsUITests" */;
			buildPhases = (
				9C380F4D253540D200AEFED3 /* Sources */,
				9C380F4E253540D200AEFED3 /* Frameworks */,
				9C380F4F253540D200AEFED3 /* Resources */,
			);
			buildRules = (
			);
			dependencies = (
				9C380F53253540D200AEFED3 /* PBXTargetDependency */,
			);
			name = "Alerts&ActionSheetsUITests";
			productName = "Alert-ActionSheetPopupUITests";
			productReference = 9C380F51253540D200AEFED3 /* Alerts&ActionSheetsUITests.xctest */;
			productType = "com.apple.product-type.bundle.ui-testing";
		};
/* End PBXNativeTarget section */

/* Begin PBXProject section */
		9C380F28253540D100AEFED3 /* Project object */ = {
			isa = PBXProject;
			attributes = {
				LastSwiftUpdateCheck = 1200;
				LastUpgradeCheck = 1200;
				TargetAttributes = {
					9C380F2F253540D100AEFED3 = {
						CreatedOnToolsVersion = 12.0.1;
					};
					9C380F45253540D200AEFED3 = {
						CreatedOnToolsVersion = 12.0.1;
						TestTargetID = 9C380F2F253540D100AEFED3;
					};
					9C380F50253540D200AEFED3 = {
						CreatedOnToolsVersion = 12.0.1;
						TestTargetID = 9C380F2F253540D100AEFED3;
					};
				};
			};
			buildConfigurationList = 9C380F2B253540D100AEFED3 /* Build configuration list for PBXProject "Alerts&ActionSheets" */;
			compatibilityVersion = "Xcode 9.3";
			developmentRegion = en;
			hasScannedForEncodings = 0;
			knownRegions = (
				en,
				Base,
			);
			mainGroup = 9C380F27253540D100AEFED3;
			productRefGroup = 9C380F31253540D100AEFED3 /* Products */;
			projectDirPath = "";
			projectRoot = "";
			targets = (
				9C380F2F253540D100AEFED3 /* Alerts&ActionSheets */,
				9C380F45253540D200AEFED3 /* Alerts&ActionSheetsTests */,
				9C380F50253540D200AEFED3 /* Alerts&ActionSheetsUITests */,
			);
		};
/* End PBXProject section */

/* Begin PBXResourcesBuildPhase section */
		9C380F2E253540D100AEFED3 /* Resources */ = {
			isa = PBXResourcesBuildPhase;
			buildActionMask = 2147483647;
			files = (
				9C380F40253540D200AEFED3 /* LaunchScreen.storyboard in Resources */,
				9C380F3D253540D200AEFED3 /* Assets.xcassets in Resources */,
				9C380F3B253540D100AEFED3 /* Main.storyboard in Resources */,
			);
			runOnlyForDeploymentPostprocessing = 0;
		};
		9C380F44253540D200AEFED3 /* Resources */ = {
			isa = PBXResourcesBuildPhase;
			buildActionMask = 2147483647;
			files = (
			);
			runOnlyForDeploymentPostprocessing = 0;
		};
		9C380F4F253540D200AEFED3 /* Resources */ = {
			isa = PBXResourcesBuildPhase;
			buildActionMask = 2147483647;
			files = (
			);
			runOnlyForDeploymentPostprocessing = 0;
		};
/* End PBXResourcesBuildPhase section */

/* Begin PBXSourcesBuildPhase section */
		9C380F2C253540D100AEFED3 /* Sources */ = {
			isa = PBXSourcesBuildPhase;
			buildActionMask = 2147483647;
			files = (
				9C380F38253540D100AEFED3 /* ViewController.swift in Sources */,
				9C380F34253540D100AEFED3 /* AppDelegate.swift in Sources */,
				9C380F36253540D100AEFED3 /* SceneDelegate.swift in Sources */,
			);
			runOnlyForDeploymentPostprocessing = 0;
		};
		9C380F42253540D200AEFED3 /* Sources */ = {
			isa = PBXSourcesBuildPhase;
			buildActionMask = 2147483647;
			files = (
				9C380F4B253540D200AEFED3 /* Alert_ActionSheetPopupTests.swift in Sources */,
			);
			runOnlyForDeploymentPostprocessing = 0;
		};
		9C380F4D253540D200AEFED3 /* Sources */ = {
			isa = PBXSourcesBuildPhase;
			buildActionMask = 2147483647;
			files = (
				9C380F56253540D200AEFED3 /* Alert_ActionSheetPopupUITests.swift in Sources */,
			);
			runOnlyForDeploymentPostprocessing = 0;
		};
/* End PBXSourcesBuildPhase section */

/* Begin PBXTargetDependency section */
		9C380F48253540D200AEFED3 /* PBXTargetDependency */ = {
			isa = PBXTargetDependency;
			target = 9C380F2F253540D100AEFED3 /* Alerts&ActionSheets */;
			targetProxy = 9C380F47253540D200AEFED3 /* PBXContainerItemProxy */;
		};
		9C380F53253540D200AEFED3 /* PBXTargetDependency */ = {
			isa = PBXTargetDependency;
			target = 9C380F2F253540D100AEFED3 /* Alerts&ActionSheets */;
			targetProxy = 9C380F52253540D200AEFED3 /* PBXContainerItemProxy */;
		};
/* End PBXTargetDependency section */

/* Begin PBXVariantGroup section */
		9C380F39253540D100AEFED3 /* Main.storyboard */ = {
			isa = PBXVariantGroup;
			children = (
				9C380F3A253540D100AEFED3 /* Base */,
			);
			name = Main.storyboard;
			sourceTree = "<group>";
		};
		9C380F3E253540D200AEFED3 /* LaunchScreen.storyboard */ = {
			isa = PBXVariantGroup;
			children = (
				9C380F3F253540D200AEFED3 /* Base */,
			);
			name = LaunchScreen.storyboard;
			sourceTree = "<group>";
		};
/* End PBXVariantGroup section */

/* Begin XCBuildConfiguration section */
		9C380F58253540D200AEFED3 /* Debug */ = {
			isa = XCBuildConfiguration;
			buildSettings = {
				ALWAYS_SEARCH_USER_PATHS = NO;
				CLANG_ANALYZER_NONNULL = YES;
				CLANG_ANALYZER_NUMBER_OBJECT_CONVERSION = YES_AGGRESSIVE;
				CLANG_CXX_LANGUAGE_STANDARD = "gnu++14";
				CLANG_CXX_LIBRARY = "libc++";
				CLANG_ENABLE_MODULES = YES;
				CLANG_ENABLE_OBJC_ARC = YES;
				CLANG_ENABLE_OBJC_WEAK = YES;
				CLANG_WARN_BLOCK_CAPTURE_AUTORELEASING = YES;
				CLANG_WARN_BOOL_CONVERSION = YES;
				CLANG_WARN_COMMA = YES;
				CLANG_WARN_CONSTANT_CONVERSION = YES;
				CLANG_WARN_DEPRECATED_OBJC_IMPLEMENTATIONS = YES;
				CLANG_WARN_DIRECT_OBJC_ISA_USAGE = YES_ERROR;
				CLANG_WARN_DOCUMENTATION_COMMENTS = YES;
				CLANG_WARN_EMPTY_BODY = YES;
				CLANG_WARN_ENUM_CONVERSION = YES;
				CLANG_WARN_INFINITE_RECURSION = YES;
				CLANG_WARN_INT_CONVERSION = YES;
				CLANG_WARN_NON_LITERAL_NULL_CONVERSION = YES;
				CLANG_WARN_OBJC_IMPLICIT_RETAIN_SELF = YES;
				CLANG_WARN_OBJC_LITERAL_CONVERSION = YES;
				CLANG_WARN_OBJC_ROOT_CLASS = YES_ERROR;
				CLANG_WARN_QUOTED_INCLUDE_IN_FRAMEWORK_HEADER = YES;
				CLANG_WARN_RANGE_LOOP_ANALYSIS = YES;
				CLANG_WARN_STRICT_PROTOTYPES = YES;
				CLANG_WARN_SUSPICIOUS_MOVE = YES;
				CLANG_WARN_UNGUARDED_AVAILABILITY = YES_AGGRESSIVE;
				CLANG_WARN_UNREACHABLE_CODE = YES;
				CLANG_WARN__DUPLICATE_METHOD_MATCH = YES;
				COPY_PHASE_STRIP = NO;
				DEBUG_INFORMATION_FORMAT = dwarf;
				ENABLE_STRICT_OBJC_MSGSEND = YES;
				ENABLE_TESTABILITY = YES;
				GCC_C_LANGUAGE_STANDARD = gnu11;
				GCC_DYNAMIC_NO_PIC = NO;
				GCC_NO_COMMON_BLOCKS = YES;
				GCC_OPTIMIZATION_LEVEL = 0;
				GCC_PREPROCESSOR_DEFINITIONS = (
					"DEBUG=1",
					"$(inherited)",
				);
				GCC_WARN_64_TO_32_BIT_CONVERSION = YES;
				GCC_WARN_ABOUT_RETURN_TYPE = YES_ERROR;
				GCC_WARN_UNDECLARED_SELECTOR = YES;
				GCC_WARN_UNINITIALIZED_AUTOS = YES_AGGRESSIVE;
				GCC_WARN_UNUSED_FUNCTION = YES;
				GCC_WARN_UNUSED_VARIABLE = YES;
				IPHONEOS_DEPLOYMENT_TARGET = 14.0;
				MTL_ENABLE_DEBUG_INFO = INCLUDE_SOURCE;
				MTL_FAST_MATH = YES;
				ONLY_ACTIVE_ARCH = YES;
				SDKROOT = iphoneos;
				SWIFT_ACTIVE_COMPILATION_CONDITIONS = DEBUG;
				SWIFT_OPTIMIZATION_LEVEL = "-Onone";
			};
			name = Debug;
		};
		9C380F59253540D200AEFED3 /* Release */ = {
			isa = XCBuildConfiguration;
			buildSettings = {
				ALWAYS_SEARCH_USER_PATHS = NO;
				CLANG_ANALYZER_NONNULL = YES;
				CLANG_ANALYZER_NUMBER_OBJECT_CONVERSION = YES_AGGRESSIVE;
				CLANG_CXX_LANGUAGE_STANDARD = "gnu++14";
				CLANG_CXX_LIBRARY = "libc++";
				CLANG_ENABLE_MODULES = YES;
				CLANG_ENABLE_OBJC_ARC = YES;
				CLANG_ENABLE_OBJC_WEAK = YES;
				CLANG_WARN_BLOCK_CAPTURE_AUTORELEASING = YES;
				CLANG_WARN_BOOL_CONVERSION = YES;
				CLANG_WARN_COMMA = YES;
				CLANG_WARN_CONSTANT_CONVERSION = YES;
				CLANG_WARN_DEPRECATED_OBJC_IMPLEMENTATIONS = YES;
				CLANG_WARN_DIRECT_OBJC_ISA_USAGE = YES_ERROR;
				CLANG_WARN_DOCUMENTATION_COMMENTS = YES;
				CLANG_WARN_EMPTY_BODY = YES;
				CLANG_WARN_ENUM_CONVERSION = YES;
				CLANG_WARN_INFINITE_RECURSION = YES;
				CLANG_WARN_INT_CONVERSION = YES;
				CLANG_WARN_NON_LITERAL_NULL_CONVERSION = YES;
				CLANG_WARN_OBJC_IMPLICIT_RETAIN_SELF = YES;
				CLANG_WARN_OBJC_LITERAL_CONVERSION = YES;
				CLANG_WARN_OBJC_ROOT_CLASS = YES_ERROR;
				CLANG_WARN_QUOTED_INCLUDE_IN_FRAMEWORK_HEADER = YES;
				CLANG_WARN_RANGE_LOOP_ANALYSIS = YES;
				CLANG_WARN_STRICT_PROTOTYPES = YES;
				CLANG_WARN_SUSPICIOUS_MOVE = YES;
				CLANG_WARN_UNGUARDED_AVAILABILITY = YES_AGGRESSIVE;
				CLANG_WARN_UNREACHABLE_CODE = YES;
				CLANG_WARN__DUPLICATE_METHOD_MATCH = YES;
				COPY_PHASE_STRIP = NO;
				DEBUG_INFORMATION_FORMAT = "dwarf-with-dsym";
				ENABLE_NS_ASSERTIONS = NO;
				ENABLE_STRICT_OBJC_MSGSEND = YES;
				GCC_C_LANGUAGE_STANDARD = gnu11;
				GCC_NO_COMMON_BLOCKS = YES;
				GCC_WARN_64_TO_32_BIT_CONVERSION = YES;
				GCC_WARN_ABOUT_RETURN_TYPE = YES_ERROR;
				GCC_WARN_UNDECLARED_SELECTOR = YES;
				GCC_WARN_UNINITIALIZED_AUTOS = YES_AGGRESSIVE;
				GCC_WARN_UNUSED_FUNCTION = YES;
				GCC_WARN_UNUSED_VARIABLE = YES;
				IPHONEOS_DEPLOYMENT_TARGET = 14.0;
				MTL_ENABLE_DEBUG_INFO = NO;
				MTL_FAST_MATH = YES;
				SDKROOT = iphoneos;
				SWIFT_COMPILATION_MODE = wholemodule;
				SWIFT_OPTIMIZATION_LEVEL = "-O";
				VALIDATE_PRODUCT = YES;
			};
			name = Release;
		};
		9C380F5B253540D200AEFED3 /* Debug */ = {
			isa = XCBuildConfiguration;
			buildSettings = {
				ASSETCATALOG_COMPILER_APPICON_NAME = AppIcon;
				ASSETCATALOG_COMPILER_GLOBAL_ACCENT_COLOR_NAME = AccentColor;
				CODE_SIGN_STYLE = Automatic;
				DEVELOPMENT_TEAM = Y759459R98;
				INFOPLIST_FILE = "Alert-ActionSheetPopup/Info.plist";
				LD_RUNPATH_SEARCH_PATHS = (
					"$(inherited)",
					"@executable_path/Frameworks",
				);
				PRODUCT_BUNDLE_IDENTIFIER = "com.pratikzora.Alerts-ActionSheets";
				PRODUCT_NAME = "$(TARGET_NAME)";
				SWIFT_VERSION = 5.0;
				TARGETED_DEVICE_FAMILY = "1,2";
			};
			name = Debug;
		};
		9C380F5C253540D200AEFED3 /* Release */ = {
			isa = XCBuildConfiguration;
			buildSettings = {
				ASSETCATALOG_COMPILER_APPICON_NAME = AppIcon;
				ASSETCATALOG_COMPILER_GLOBAL_ACCENT_COLOR_NAME = AccentColor;
				CODE_SIGN_STYLE = Automatic;
				DEVELOPMENT_TEAM = Y759459R98;
				INFOPLIST_FILE = "Alert-ActionSheetPopup/Info.plist";
				LD_RUNPATH_SEARCH_PATHS = (
					"$(inherited)",
					"@executable_path/Frameworks",
				);
				PRODUCT_BUNDLE_IDENTIFIER = "com.pratikzora.Alerts-ActionSheets";
				PRODUCT_NAME = "$(TARGET_NAME)";
				SWIFT_VERSION = 5.0;
				TARGETED_DEVICE_FAMILY = "1,2";
			};
			name = Release;
		};
		9C380F5E253540D200AEFED3 /* Debug */ = {
			isa = XCBuildConfiguration;
			buildSettings = {
				ALWAYS_EMBED_SWIFT_STANDARD_LIBRARIES = YES;
				BUNDLE_LOADER = "$(TEST_HOST)";
				CODE_SIGN_STYLE = Automatic;
				DEVELOPMENT_TEAM = Y759459R98;
				INFOPLIST_FILE = "Alert-ActionSheetPopupTests/Info.plist";
				IPHONEOS_DEPLOYMENT_TARGET = 14.0;
				LD_RUNPATH_SEARCH_PATHS = (
					"$(inherited)",
					"@executable_path/Frameworks",
					"@loader_path/Frameworks",
				);
				PRODUCT_BUNDLE_IDENTIFIER = "com.pratikzora.Alert-ActionSheetPopupTests";
				PRODUCT_NAME = "$(TARGET_NAME)";
				SWIFT_VERSION = 5.0;
				TARGETED_DEVICE_FAMILY = "1,2";
				TEST_HOST = "$(BUILT_PRODUCTS_DIR)/Alerts&ActionSheets.app/Alerts&ActionSheets";
			};
			name = Debug;
		};
		9C380F5F253540D200AEFED3 /* Release */ = {
			isa = XCBuildConfiguration;
			buildSettings = {
				ALWAYS_EMBED_SWIFT_STANDARD_LIBRARIES = YES;
				BUNDLE_LOADER = "$(TEST_HOST)";
				CODE_SIGN_STYLE = Automatic;
				DEVELOPMENT_TEAM = Y759459R98;
				INFOPLIST_FILE = "Alert-ActionSheetPopupTests/Info.plist";
				IPHONEOS_DEPLOYMENT_TARGET = 14.0;
				LD_RUNPATH_SEARCH_PATHS = (
					"$(inherited)",
					"@executable_path/Frameworks",
					"@loader_path/Frameworks",
				);
				PRODUCT_BUNDLE_IDENTIFIER = "com.pratikzora.Alert-ActionSheetPopupTests";
				PRODUCT_NAME = "$(TARGET_NAME)";
				SWIFT_VERSION = 5.0;
				TARGETED_DEVICE_FAMILY = "1,2";
				TEST_HOST = "$(BUILT_PRODUCTS_DIR)/Alerts&ActionSheets.app/Alerts&ActionSheets";
			};
			name = Release;
		};
		9C380F61253540D200AEFED3 /* Debug */ = {
			isa = XCBuildConfiguration;
			buildSettings = {
				ALWAYS_EMBED_SWIFT_STANDARD_LIBRARIES = YES;
				CODE_SIGN_STYLE = Automatic;
				DEVELOPMENT_TEAM = Y759459R98;
				INFOPLIST_FILE = "Alert-ActionSheetPopupUITests/Info.plist";
				LD_RUNPATH_SEARCH_PATHS = (
					"$(inherited)",
					"@executable_path/Frameworks",
					"@loader_path/Frameworks",
				);
				PRODUCT_BUNDLE_IDENTIFIER = "com.pratikzora.Alert-ActionSheetPopupUITests";
				PRODUCT_NAME = "$(TARGET_NAME)";
				SWIFT_VERSION = 5.0;
				TARGETED_DEVICE_FAMILY = "1,2";
				TEST_TARGET_NAME = "Alert-ActionSheetPopup";
			};
			name = Debug;
		};
		9C380F62253540D200AEFED3 /* Release */ = {
			isa = XCBuildConfiguration;
			buildSettings = {
				ALWAYS_EMBED_SWIFT_STANDARD_LIBRARIES = YES;
				CODE_SIGN_STYLE = Automatic;
				DEVELOPMENT_TEAM = Y759459R98;
				INFOPLIST_FILE = "Alert-ActionSheetPopupUITests/Info.plist";
				LD_RUNPATH_SEARCH_PATHS = (
					"$(inherited)",
					"@executable_path/Frameworks",
					"@loader_path/Frameworks",
				);
				PRODUCT_BUNDLE_IDENTIFIER = "com.pratikzora.Alert-ActionSheetPopupUITests";
				PRODUCT_NAME = "$(TARGET_NAME)";
				SWIFT_VERSION = 5.0;
				TARGETED_DEVICE_FAMILY = "1,2";
				TEST_TARGET_NAME = "Alert-ActionSheetPopup";
			};
			name = Release;
		};
/* End XCBuildConfiguration section */

/* Begin XCConfigurationList section */
		9C380F2B253540D100AEFED3 /* Build configuration list for PBXProject "Alerts&ActionSheets" */ = {
			isa = XCConfigurationList;
			buildConfigurations = (
				9C380F58253540D200AEFED3 /* Debug */,
				9C380F59253540D200AEFED3 /* Release */,
			);
			defaultConfigurationIsVisible = 0;
			defaultConfigurationName = Release;
		};
		9C380F5A253540D200AEFED3 /* Build configuration list for PBXNativeTarget "Alerts&ActionSheets" */ = {
			isa = XCConfigurationList;
			buildConfigurations = (
				9C380F5B253540D200AEFED3 /* Debug */,
				9C380F5C253540D200AEFED3 /* Release */,
			);
			defaultConfigurationIsVisible = 0;
			defaultConfigurationName = Release;
		};
		9C380F5D253540D200AEFED3 /* Build configuration list for PBXNativeTarget "Alerts&ActionSheetsTests" */ = {
			isa = XCConfigurationList;
			buildConfigurations = (
				9C380F5E253540D200AEFED3 /* Debug */,
				9C380F5F253540D200AEFED3 /* Release */,
			);
			defaultConfigurationIsVisible = 0;
			defaultConfigurationName = Release;
		};
		9C380F60253540D200AEFED3 /* Build configuration list for PBXNativeTarget "Alerts&ActionSheetsUITests" */ = {
			isa = XCConfigurationList;
			buildConfigurations = (
				9C380F61253540D200AEFED3 /* Debug */,
				9C380F62253540D200AEFED3 /* Release */,
			);
			defaultConfigurationIsVisible = 0;
			defaultConfigurationName = Release;
		};
/* End XCConfigurationList section */
	};
	rootObject = 9C380F28253540D100AEFED3 /* Project object */;
}
